[[dependencies]]
name = "@openzeppelin-contracts"
version = "5.1.0"
url = "https://soldeer-revisions.s3.amazonaws.com/@openzeppelin-contracts/5_1_0_19-10-2024_10:28:52_contracts.zip"
checksum = "fd3d1ea561cb27897008aee18ada6e85f248eb161c86e4435272fc2b5777574f"
integrity = "cb6cf6e878f2943b2291d5636a9d72ac51d43d8135896ceb6cf88d36c386f212"

[[dependencies]]
name = "@openzeppelin-contracts-upgradeable"
version = "5.1.0"
url = "https://soldeer-revisions.s3.amazonaws.com/@openzeppelin-contracts-upgradeable/5_1_0_19-10-2024_10:28:58_contracts-upgradeable.zip"
checksum = "87854223d14941d6fda3d78d900217e79e25755ea5bc48beca035766fa6a4e7e"
integrity = "826fb621339dcee4261f848b283ec86364743d3c289d61f621747d95e315215a"

[[dependencies]]
name = "forge-std"
version = "1.9.4"
url = "https://soldeer-revisions.s3.amazonaws.com/forge-std/1_9_4_25-10-2024_14:36:59_forge-std-1.9.zip"
checksum = "b5be24beb5e4dab5e42221b2ad1288b64c826bee5ee71b6159ba93ffe86f14d4"
integrity = "3874463846ab995a6a9a88412913cacec6144f7605daa1af57c2d8bf3f210b13"

[[dependencies]]
name = "risc0-ethereum"
version = "1.1.4"
url = "https://github.com/risc0/risc0-ethereum/archive/refs/tags/v1.1.4.zip"
checksum = "96588a5869f02b6d093f2f5c05ad2ff94b95a042959fa3c2f49e87b33b246d5d"
integrity = "0010eaf92913e47289e7ff4a2dab91b40524a6f910a480a15d5f9203de85381d"

[[dependencies]]
name = "sp1-contracts"
version = "4.0.0"
url = "https://github.com/succinctlabs/sp1-contracts/archive/refs/tags/v4.0.0.zip"
checksum = "f44ad2210b56cc2049168f5b3b13471702c4de261bcc557a3a95efc3d4e41055"
integrity = "8844dfbe5848f01e6a9fdb525f0e3c6bb777b463a8b970caa94eb54ea5f59148"
